// !$*UTF8*$!
{
	archiveVersion = 1;
	classes = {
	};
	objectVersion = 46;
	objects = {

/* Begin PBXBuildFile section */
		160B67EE1C01DC9B00D05B07 /* EventsTableViewController.swift in Sources */ = {isa = PBXBuildFile; fileRef = 160B67ED1C01DC9B00D05B07 /* EventsTableViewController.swift */; };
		160B67F01C01DD2500D05B07 /* EventDetailsTableViewController.swift in Sources */ = {isa = PBXBuildFile; fileRef = 160B67EF1C01DD2500D05B07 /* EventDetailsTableViewController.swift */; };
		16100F161BF7590500768784 /* Event.swift in Sources */ = {isa = PBXBuildFile; fileRef = 16100F151BF7590500768784 /* Event.swift */; };
		1667DFF01BE408B3007E01BC /* EditProfileTableViewController.swift in Sources */ = {isa = PBXBuildFile; fileRef = 1667DFEF1BE408B3007E01BC /* EditProfileTableViewController.swift */; };
		1667DFF51BE6781A007E01BC /* ChooseHeightViewController.swift in Sources */ = {isa = PBXBuildFile; fileRef = 1667DFF41BE6781A007E01BC /* ChooseHeightViewController.swift */; };
		1689D3061BE299AF003DAA4B /* ImageCropper.swift in Sources */ = {isa = PBXBuildFile; fileRef = 1689D3051BE299AF003DAA4B /* ImageCropper.swift */; };
		1689D3081BE2A196003DAA4B /* ProfileTableViewController.swift in Sources */ = {isa = PBXBuildFile; fileRef = 1689D3071BE2A196003DAA4B /* ProfileTableViewController.swift */; };
		1689D30A1BE2ADB2003DAA4B /* ProfilePictureTableViewCell.swift in Sources */ = {isa = PBXBuildFile; fileRef = 1689D3091BE2ADB2003DAA4B /* ProfilePictureTableViewCell.swift */; };
		1689D30C1BE2ADD5003DAA4B /* UserNameAndAgeTableViewCell.swift in Sources */ = {isa = PBXBuildFile; fileRef = 1689D30B1BE2ADD5003DAA4B /* UserNameAndAgeTableViewCell.swift */; };
		1689D30E1BE2ADE4003DAA4B /* AboutTableViewCell.swift in Sources */ = {isa = PBXBuildFile; fileRef = 1689D30D1BE2ADE4003DAA4B /* AboutTableViewCell.swift */; };
		1689D3101BE2ADF2003DAA4B /* UserInfoTableViewCell.swift in Sources */ = {isa = PBXBuildFile; fileRef = 1689D30F1BE2ADF2003DAA4B /* UserInfoTableViewCell.swift */; };
		169BC41F1BF92DC4004A51A5 /* FeaturedEventsCell.swift in Sources */ = {isa = PBXBuildFile; fileRef = 169BC41E1BF92DC4004A51A5 /* FeaturedEventsCell.swift */; };
		169BC4211BF92E3F004A51A5 /* SortingCell.swift in Sources */ = {isa = PBXBuildFile; fileRef = 169BC4201BF92E3F004A51A5 /* SortingCell.swift */; };
		169BC4231BF92E4C004A51A5 /* EventCell.swift in Sources */ = {isa = PBXBuildFile; fileRef = 169BC4221BF92E4C004A51A5 /* EventCell.swift */; };
		16A60D171BEBC7F40075DFBA /* RangeSlider.swift in Sources */ = {isa = PBXBuildFile; fileRef = 16A60D161BEBC7F40075DFBA /* RangeSlider.swift */; };
		16A60D191BEBCBFA0075DFBA /* AgeRangeTableViewCell.swift in Sources */ = {isa = PBXBuildFile; fileRef = 16A60D181BEBCBFA0075DFBA /* AgeRangeTableViewCell.swift */; };
		16A60D1C1BEDEFEA0075DFBA /* CurrentUser.swift in Sources */ = {isa = PBXBuildFile; fileRef = 16A60D1B1BEDEFEA0075DFBA /* CurrentUser.swift */; };
		16C8A26B1BE3DC1D0035EEF8 /* Constants.swift in Sources */ = {isa = PBXBuildFile; fileRef = 16C8A26A1BE3DC1D0035EEF8 /* Constants.swift */; };
		46073D231BDA66170039A908 /* MyEventViewController.swift in Sources */ = {isa = PBXBuildFile; fileRef = 46073D221BDA66170039A908 /* MyEventViewController.swift */; };
		46073D251BDA68190039A908 /* MyCustomCell.swift in Sources */ = {isa = PBXBuildFile; fileRef = 46073D241BDA68190039A908 /* MyCustomCell.swift */; };
		4607B4481C01097B009F210B /* DenemeCollectionViewCell.swift in Sources */ = {isa = PBXBuildFile; fileRef = 4607B4471C01097B009F210B /* DenemeCollectionViewCell.swift */; };
		466B351A1BEF63A60058A8B9 /* deleteEventMatchbyEventChoice.swift in Sources */ = {isa = PBXBuildFile; fileRef = 466B35191BEF63A60058A8B9 /* deleteEventMatchbyEventChoice.swift */; };
		466B351C1BEF63AA0058A8B9 /* createEventMatchbyEventChoice.swift in Sources */ = {isa = PBXBuildFile; fileRef = 466B351B1BEF63AA0058A8B9 /* createEventMatchbyEventChoice.swift */; };
		466B351E1BEF63B70058A8B9 /* createEventMatchbyUserMatch.swift in Sources */ = {isa = PBXBuildFile; fileRef = 466B351D1BEF63B70058A8B9 /* createEventMatchbyUserMatch.swift */; };
		466B35221BEF66F40058A8B9 /* PaymentPageViewController.swift in Sources */ = {isa = PBXBuildFile; fileRef = 466B35211BEF66F40058A8B9 /* PaymentPageViewController.swift */; };
		466B35241BEF6D350058A8B9 /* ProfileLocationViewController.swift in Sources */ = {isa = PBXBuildFile; fileRef = 466B35231BEF6D350058A8B9 /* ProfileLocationViewController.swift */; };
		466B35271BEF723E0058A8B9 /* PhotoGalleryViewController.swift in Sources */ = {isa = PBXBuildFile; fileRef = 466B35251BEF723E0058A8B9 /* PhotoGalleryViewController.swift */; };
		466B35281BEF723E0058A8B9 /* RAReorderableLayout.swift in Sources */ = {isa = PBXBuildFile; fileRef = 466B35261BEF723E0058A8B9 /* RAReorderableLayout.swift */; };
		4690A5FE1BDD7E0F00B18403 /* CardView.swift in Sources */ = {isa = PBXBuildFile; fileRef = 4690A5FD1BDD7E0F00B18403 /* CardView.swift */; };
		4690A6001BDD7E5300B18403 /* SwipeView.swift in Sources */ = {isa = PBXBuildFile; fileRef = 4690A5FF1BDD7E5300B18403 /* SwipeView.swift */; };
		4690A6021BDD7E9900B18403 /* User.swift in Sources */ = {isa = PBXBuildFile; fileRef = 4690A6011BDD7E9900B18403 /* User.swift */; };
		4690A6041BDD807E00B18403 /* CardsViewController.swift in Sources */ = {isa = PBXBuildFile; fileRef = 4690A6031BDD807E00B18403 /* CardsViewController.swift */; };
		4692F4041BD6479E00B62564 /* LoginViewController.swift in Sources */ = {isa = PBXBuildFile; fileRef = 4692F4031BD6479E00B62564 /* LoginViewController.swift */; };
		4692F4061BD6521000B62564 /* SignUpViewController.swift in Sources */ = {isa = PBXBuildFile; fileRef = 4692F4051BD6521000B62564 /* SignUpViewController.swift */; };
		4692F4161BD8FB5D00B62564 /* CustomCell.swift in Sources */ = {isa = PBXBuildFile; fileRef = 4692F4151BD8FB5D00B62564 /* CustomCell.swift */; };
		46A2AA261C07071000282B0F /* ShowDetailDelegate.swift in Sources */ = {isa = PBXBuildFile; fileRef = 46A2AA251C07071000282B0F /* ShowDetailDelegate.swift */; };
		46B911CE1C01C48F00A36009 /* checkInternetConnection.swift in Sources */ = {isa = PBXBuildFile; fileRef = 46B911CD1C01C48F00A36009 /* checkInternetConnection.swift */; };
		46B911D21C06049400A36009 /* Main.storyboard in Resources */ = {isa = PBXBuildFile; fileRef = 46B911D11C06049400A36009 /* Main.storyboard */; };
		46BF30531BD10584003AA0AE /* AppDelegate.swift in Sources */ = {isa = PBXBuildFile; fileRef = 46BF30521BD10584003AA0AE /* AppDelegate.swift */; };
		46BF30551BD10584003AA0AE /* ViewController.swift in Sources */ = {isa = PBXBuildFile; fileRef = 46BF30541BD10584003AA0AE /* ViewController.swift */; };
		46BF305A1BD10584003AA0AE /* Assets.xcassets in Resources */ = {isa = PBXBuildFile; fileRef = 46BF30591BD10584003AA0AE /* Assets.xcassets */; };
		46BF305D1BD10584003AA0AE /* LaunchScreen.storyboard in Resources */ = {isa = PBXBuildFile; fileRef = 46BF305B1BD10584003AA0AE /* LaunchScreen.storyboard */; };
		46BF30681BD10584003AA0AE /* DeventTests.swift in Sources */ = {isa = PBXBuildFile; fileRef = 46BF30671BD10584003AA0AE /* DeventTests.swift */; };
		46BF30731BD10584003AA0AE /* DeventUITests.swift in Sources */ = {isa = PBXBuildFile; fileRef = 46BF30721BD10584003AA0AE /* DeventUITests.swift */; };
		46BF30811BD105CD003AA0AE /* Podfile in Resources */ = {isa = PBXBuildFile; fileRef = 46BF30801BD105CD003AA0AE /* Podfile */; };
		46E58E0C1BDFA4D900FEA214 /* MacthesTableViewController.swift in Sources */ = {isa = PBXBuildFile; fileRef = 46E58E0B1BDFA4D900FEA214 /* MacthesTableViewController.swift */; };
		46E58E0E1BDFA51700FEA214 /* MacthesCustomCell.swift in Sources */ = {isa = PBXBuildFile; fileRef = 46E58E0D1BDFA51700FEA214 /* MacthesCustomCell.swift */; };
		46EF164F1BE1247C003E7F09 /* MessageViewController.swift in Sources */ = {isa = PBXBuildFile; fileRef = 46EF164E1BE1247C003E7F09 /* MessageViewController.swift */; };
		46EF16511BE189B5003E7F09 /* Camera.swift in Sources */ = {isa = PBXBuildFile; fileRef = 46EF16501BE189B5003E7F09 /* Camera.swift */; };
		A6C2A73E2B2030B9BFA75FEA /* libPods-Devent.a in Frameworks */ = {isa = PBXBuildFile; fileRef = 47C24C59A03D54D627E59199 /* libPods-Devent.a */; };
/* End PBXBuildFile section */

/* Begin PBXContainerItemProxy section */
		46BF30641BD10584003AA0AE /* PBXContainerItemProxy */ = {
			isa = PBXContainerItemProxy;
			containerPortal = 46BF30471BD10584003AA0AE /* Project object */;
			proxyType = 1;
			remoteGlobalIDString = 46BF304E1BD10584003AA0AE;
			remoteInfo = Devent;
		};
		46BF306F1BD10584003AA0AE /* PBXContainerItemProxy */ = {
			isa = PBXContainerItemProxy;
			containerPortal = 46BF30471BD10584003AA0AE /* Project object */;
			proxyType = 1;
			remoteGlobalIDString = 46BF304E1BD10584003AA0AE;
			remoteInfo = Devent;
		};
/* End PBXContainerItemProxy section */

/* Begin PBXFileReference section */
		160B67ED1C01DC9B00D05B07 /* EventsTableViewController.swift */ = {isa = PBXFileReference; fileEncoding = 4; lastKnownFileType = sourcecode.swift; path = EventsTableViewController.swift; sourceTree = "<group>"; };
		160B67EF1C01DD2500D05B07 /* EventDetailsTableViewController.swift */ = {isa = PBXFileReference; fileEncoding = 4; lastKnownFileType = sourcecode.swift; path = EventDetailsTableViewController.swift; sourceTree = "<group>"; };
		16100F151BF7590500768784 /* Event.swift */ = {isa = PBXFileReference; fileEncoding = 4; lastKnownFileType = sourcecode.swift; path = Event.swift; sourceTree = "<group>"; };
		1667DFEF1BE408B3007E01BC /* EditProfileTableViewController.swift */ = {isa = PBXFileReference; fileEncoding = 4; lastKnownFileType = sourcecode.swift; path = EditProfileTableViewController.swift; sourceTree = "<group>"; };
		1667DFF41BE6781A007E01BC /* ChooseHeightViewController.swift */ = {isa = PBXFileReference; fileEncoding = 4; lastKnownFileType = sourcecode.swift; path = ChooseHeightViewController.swift; sourceTree = "<group>"; };
		1689D3051BE299AF003DAA4B /* ImageCropper.swift */ = {isa = PBXFileReference; fileEncoding = 4; lastKnownFileType = sourcecode.swift; path = ImageCropper.swift; sourceTree = "<group>"; };
		1689D3071BE2A196003DAA4B /* ProfileTableViewController.swift */ = {isa = PBXFileReference; fileEncoding = 4; lastKnownFileType = sourcecode.swift; path = ProfileTableViewController.swift; sourceTree = "<group>"; };
		1689D3091BE2ADB2003DAA4B /* ProfilePictureTableViewCell.swift */ = {isa = PBXFileReference; fileEncoding = 4; lastKnownFileType = sourcecode.swift; path = ProfilePictureTableViewCell.swift; sourceTree = "<group>"; };
		1689D30B1BE2ADD5003DAA4B /* UserNameAndAgeTableViewCell.swift */ = {isa = PBXFileReference; fileEncoding = 4; lastKnownFileType = sourcecode.swift; path = UserNameAndAgeTableViewCell.swift; sourceTree = "<group>"; };
		1689D30D1BE2ADE4003DAA4B /* AboutTableViewCell.swift */ = {isa = PBXFileReference; fileEncoding = 4; lastKnownFileType = sourcecode.swift; path = AboutTableViewCell.swift; sourceTree = "<group>"; };
		1689D30F1BE2ADF2003DAA4B /* UserInfoTableViewCell.swift */ = {isa = PBXFileReference; fileEncoding = 4; lastKnownFileType = sourcecode.swift; path = UserInfoTableViewCell.swift; sourceTree = "<group>"; };
		169BC41E1BF92DC4004A51A5 /* FeaturedEventsCell.swift */ = {isa = PBXFileReference; fileEncoding = 4; lastKnownFileType = sourcecode.swift; path = FeaturedEventsCell.swift; sourceTree = "<group>"; };
		169BC4201BF92E3F004A51A5 /* SortingCell.swift */ = {isa = PBXFileReference; fileEncoding = 4; lastKnownFileType = sourcecode.swift; path = SortingCell.swift; sourceTree = "<group>"; };
		169BC4221BF92E4C004A51A5 /* EventCell.swift */ = {isa = PBXFileReference; fileEncoding = 4; lastKnownFileType = sourcecode.swift; path = EventCell.swift; sourceTree = "<group>"; };
		16A60D161BEBC7F40075DFBA /* RangeSlider.swift */ = {isa = PBXFileReference; fileEncoding = 4; lastKnownFileType = sourcecode.swift; path = RangeSlider.swift; sourceTree = "<group>"; };
		16A60D181BEBCBFA0075DFBA /* AgeRangeTableViewCell.swift */ = {isa = PBXFileReference; fileEncoding = 4; lastKnownFileType = sourcecode.swift; path = AgeRangeTableViewCell.swift; sourceTree = "<group>"; };
		16A60D1B1BEDEFEA0075DFBA /* CurrentUser.swift */ = {isa = PBXFileReference; fileEncoding = 4; lastKnownFileType = sourcecode.swift; path = CurrentUser.swift; sourceTree = "<group>"; };
		16C8A26A1BE3DC1D0035EEF8 /* Constants.swift */ = {isa = PBXFileReference; fileEncoding = 4; lastKnownFileType = sourcecode.swift; path = Constants.swift; sourceTree = "<group>"; };
		28101BB0201438D8E80B03C9 /* Pods-Devent.release.xcconfig */ = {isa = PBXFileReference; includeInIndex = 1; lastKnownFileType = text.xcconfig; name = "Pods-Devent.release.xcconfig"; path = "Pods/Target Support Files/Pods-Devent/Pods-Devent.release.xcconfig"; sourceTree = "<group>"; };
		46073D221BDA66170039A908 /* MyEventViewController.swift */ = {isa = PBXFileReference; fileEncoding = 4; lastKnownFileType = sourcecode.swift; path = MyEventViewController.swift; sourceTree = "<group>"; };
		46073D241BDA68190039A908 /* MyCustomCell.swift */ = {isa = PBXFileReference; fileEncoding = 4; lastKnownFileType = sourcecode.swift; path = MyCustomCell.swift; sourceTree = "<group>"; };
		4607B4471C01097B009F210B /* DenemeCollectionViewCell.swift */ = {isa = PBXFileReference; fileEncoding = 4; lastKnownFileType = sourcecode.swift; path = DenemeCollectionViewCell.swift; sourceTree = "<group>"; };
		466B35191BEF63A60058A8B9 /* deleteEventMatchbyEventChoice.swift */ = {isa = PBXFileReference; fileEncoding = 4; lastKnownFileType = sourcecode.swift; path = deleteEventMatchbyEventChoice.swift; sourceTree = "<group>"; };
		466B351B1BEF63AA0058A8B9 /* createEventMatchbyEventChoice.swift */ = {isa = PBXFileReference; fileEncoding = 4; lastKnownFileType = sourcecode.swift; path = createEventMatchbyEventChoice.swift; sourceTree = "<group>"; };
		466B351D1BEF63B70058A8B9 /* createEventMatchbyUserMatch.swift */ = {isa = PBXFileReference; fileEncoding = 4; lastKnownFileType = sourcecode.swift; path = createEventMatchbyUserMatch.swift; sourceTree = "<group>"; };
		466B35211BEF66F40058A8B9 /* PaymentPageViewController.swift */ = {isa = PBXFileReference; fileEncoding = 4; lastKnownFileType = sourcecode.swift; path = PaymentPageViewController.swift; sourceTree = "<group>"; };
		466B35231BEF6D350058A8B9 /* ProfileLocationViewController.swift */ = {isa = PBXFileReference; fileEncoding = 4; lastKnownFileType = sourcecode.swift; path = ProfileLocationViewController.swift; sourceTree = "<group>"; };
		466B35251BEF723E0058A8B9 /* PhotoGalleryViewController.swift */ = {isa = PBXFileReference; fileEncoding = 4; lastKnownFileType = sourcecode.swift; path = PhotoGalleryViewController.swift; sourceTree = "<group>"; };
		466B35261BEF723E0058A8B9 /* RAReorderableLayout.swift */ = {isa = PBXFileReference; fileEncoding = 4; lastKnownFileType = sourcecode.swift; path = RAReorderableLayout.swift; sourceTree = "<group>"; };
		4690A5FD1BDD7E0F00B18403 /* CardView.swift */ = {isa = PBXFileReference; fileEncoding = 4; lastKnownFileType = sourcecode.swift; path = CardView.swift; sourceTree = "<group>"; };
		4690A5FF1BDD7E5300B18403 /* SwipeView.swift */ = {isa = PBXFileReference; fileEncoding = 4; lastKnownFileType = sourcecode.swift; path = SwipeView.swift; sourceTree = "<group>"; };
		4690A6011BDD7E9900B18403 /* User.swift */ = {isa = PBXFileReference; fileEncoding = 4; lastKnownFileType = sourcecode.swift; path = User.swift; sourceTree = "<group>"; };
		4690A6031BDD807E00B18403 /* CardsViewController.swift */ = {isa = PBXFileReference; fileEncoding = 4; lastKnownFileType = sourcecode.swift; path = CardsViewController.swift; sourceTree = "<group>"; };
		4692F4031BD6479E00B62564 /* LoginViewController.swift */ = {isa = PBXFileReference; fileEncoding = 4; lastKnownFileType = sourcecode.swift; path = LoginViewController.swift; sourceTree = "<group>"; };
		4692F4051BD6521000B62564 /* SignUpViewController.swift */ = {isa = PBXFileReference; fileEncoding = 4; lastKnownFileType = sourcecode.swift; path = SignUpViewController.swift; sourceTree = "<group>"; };
		4692F4151BD8FB5D00B62564 /* CustomCell.swift */ = {isa = PBXFileReference; fileEncoding = 4; lastKnownFileType = sourcecode.swift; path = CustomCell.swift; sourceTree = "<group>"; };
		46A2AA251C07071000282B0F /* ShowDetailDelegate.swift */ = {isa = PBXFileReference; fileEncoding = 4; lastKnownFileType = sourcecode.swift; path = ShowDetailDelegate.swift; sourceTree = "<group>"; };
		46B911CD1C01C48F00A36009 /* checkInternetConnection.swift */ = {isa = PBXFileReference; fileEncoding = 4; lastKnownFileType = sourcecode.swift; path = checkInternetConnection.swift; sourceTree = "<group>"; };
		46B911D11C06049400A36009 /* Main.storyboard */ = {isa = PBXFileReference; fileEncoding = 4; lastKnownFileType = file.storyboard; path = Main.storyboard; sourceTree = "<group>"; };
		46BF304F1BD10584003AA0AE /* Devent.app */ = {isa = PBXFileReference; explicitFileType = wrapper.application; includeInIndex = 0; path = Devent.app; sourceTree = BUILT_PRODUCTS_DIR; };
		46BF30521BD10584003AA0AE /* AppDelegate.swift */ = {isa = PBXFileReference; lastKnownFileType = sourcecode.swift; path = AppDelegate.swift; sourceTree = "<group>"; };
		46BF30541BD10584003AA0AE /* ViewController.swift */ = {isa = PBXFileReference; lastKnownFileType = sourcecode.swift; path = ViewController.swift; sourceTree = "<group>"; };
		46BF30591BD10584003AA0AE /* Assets.xcassets */ = {isa = PBXFileReference; lastKnownFileType = folder.assetcatalog; path = Assets.xcassets; sourceTree = "<group>"; };
		46BF305C1BD10584003AA0AE /* Base */ = {isa = PBXFileReference; lastKnownFileType = file.storyboard; name = Base; path = Base.lproj/LaunchScreen.storyboard; sourceTree = "<group>"; };
		46BF305E1BD10584003AA0AE /* Info.plist */ = {isa = PBXFileReference; lastKnownFileType = text.plist.xml; path = Info.plist; sourceTree = "<group>"; };
		46BF30631BD10584003AA0AE /* DeventTests.xctest */ = {isa = PBXFileReference; explicitFileType = wrapper.cfbundle; includeInIndex = 0; path = DeventTests.xctest; sourceTree = BUILT_PRODUCTS_DIR; };
		46BF30671BD10584003AA0AE /* DeventTests.swift */ = {isa = PBXFileReference; lastKnownFileType = sourcecode.swift; path = DeventTests.swift; sourceTree = "<group>"; };
		46BF30691BD10584003AA0AE /* Info.plist */ = {isa = PBXFileReference; lastKnownFileType = text.plist.xml; path = Info.plist; sourceTree = "<group>"; };
		46BF306E1BD10584003AA0AE /* DeventUITests.xctest */ = {isa = PBXFileReference; explicitFileType = wrapper.cfbundle; includeInIndex = 0; path = DeventUITests.xctest; sourceTree = BUILT_PRODUCTS_DIR; };
		46BF30721BD10584003AA0AE /* DeventUITests.swift */ = {isa = PBXFileReference; lastKnownFileType = sourcecode.swift; path = DeventUITests.swift; sourceTree = "<group>"; };
		46BF30741BD10584003AA0AE /* Info.plist */ = {isa = PBXFileReference; lastKnownFileType = text.plist.xml; path = Info.plist; sourceTree = "<group>"; };
		46BF30801BD105CD003AA0AE /* Podfile */ = {isa = PBXFileReference; fileEncoding = 4; lastKnownFileType = text; path = Podfile; sourceTree = "<group>"; xcLanguageSpecificationIdentifier = xcode.lang.ruby; };
		46BF30821BD1065C003AA0AE /* Devent-Bridging-Header.h */ = {isa = PBXFileReference; lastKnownFileType = sourcecode.c.h; path = "Devent-Bridging-Header.h"; sourceTree = "<group>"; };
		46E58E0B1BDFA4D900FEA214 /* MacthesTableViewController.swift */ = {isa = PBXFileReference; fileEncoding = 4; lastKnownFileType = sourcecode.swift; path = MacthesTableViewController.swift; sourceTree = "<group>"; };
		46E58E0D1BDFA51700FEA214 /* MacthesCustomCell.swift */ = {isa = PBXFileReference; fileEncoding = 4; lastKnownFileType = sourcecode.swift; path = MacthesCustomCell.swift; sourceTree = "<group>"; };
		46EF164E1BE1247C003E7F09 /* MessageViewController.swift */ = {isa = PBXFileReference; fileEncoding = 4; lastKnownFileType = sourcecode.swift; path = MessageViewController.swift; sourceTree = "<group>"; };
		46EF16501BE189B5003E7F09 /* Camera.swift */ = {isa = PBXFileReference; fileEncoding = 4; lastKnownFileType = sourcecode.swift; path = Camera.swift; sourceTree = "<group>"; };
		47C24C59A03D54D627E59199 /* libPods-Devent.a */ = {isa = PBXFileReference; explicitFileType = archive.ar; includeInIndex = 0; path = "libPods-Devent.a"; sourceTree = BUILT_PRODUCTS_DIR; };
		BF9C72336C5BB7EF94115B23 /* Pods-Devent.debug.xcconfig */ = {isa = PBXFileReference; includeInIndex = 1; lastKnownFileType = text.xcconfig; name = "Pods-Devent.debug.xcconfig"; path = "Pods/Target Support Files/Pods-Devent/Pods-Devent.debug.xcconfig"; sourceTree = "<group>"; };
/* End PBXFileReference section */

/* Begin PBXFrameworksBuildPhase section */
		46BF304C1BD10584003AA0AE /* Frameworks */ = {
			isa = PBXFrameworksBuildPhase;
			buildActionMask = 2147483647;
			files = (
				A6C2A73E2B2030B9BFA75FEA /* libPods-Devent.a in Frameworks */,
			);
			runOnlyForDeploymentPostprocessing = 0;
		};
		46BF30601BD10584003AA0AE /* Frameworks */ = {
			isa = PBXFrameworksBuildPhase;
			buildActionMask = 2147483647;
			files = (
			);
			runOnlyForDeploymentPostprocessing = 0;
		};
		46BF306B1BD10584003AA0AE /* Frameworks */ = {
			isa = PBXFrameworksBuildPhase;
			buildActionMask = 2147483647;
			files = (
			);
			runOnlyForDeploymentPostprocessing = 0;
		};
/* End PBXFrameworksBuildPhase section */

/* Begin PBXGroup section */
		16A60D1A1BEDEFD00075DFBA /* Model */ = {
			isa = PBXGroup;
			children = (
				16C8A26A1BE3DC1D0035EEF8 /* Constants.swift */,
				16A60D1B1BEDEFEA0075DFBA /* CurrentUser.swift */,
				4690A6011BDD7E9900B18403 /* User.swift */,
			);
			name = Model;
			sourceTree = "<group>";
		};
		466B351F1BEF646B0058A8B9 /* Messaging */ = {
			isa = PBXGroup;
			children = (
				46EF164E1BE1247C003E7F09 /* MessageViewController.swift */,
				46EF16501BE189B5003E7F09 /* Camera.swift */,
			);
			name = Messaging;
			sourceTree = "<group>";
		};
		466B35201BEF66ED0058A8B9 /* Payment */ = {
			isa = PBXGroup;
			children = (
				466B35211BEF66F40058A8B9 /* PaymentPageViewController.swift */,
			);
			name = Payment;
			sourceTree = "<group>";
		};
		4690A5F51BDCDCD300B18403 /* Authentication */ = {
			isa = PBXGroup;
			children = (
				46BF30541BD10584003AA0AE /* ViewController.swift */,
				4692F4031BD6479E00B62564 /* LoginViewController.swift */,
				4692F4051BD6521000B62564 /* SignUpViewController.swift */,
			);
			name = Authentication;
			sourceTree = "<group>";
		};
		4690A5F61BDCDCE600B18403 /* Supporting Files */ = {
			isa = PBXGroup;
			children = (
				46BF305E1BD10584003AA0AE /* Info.plist */,
				46BF305B1BD10584003AA0AE /* LaunchScreen.storyboard */,
				46BF30591BD10584003AA0AE /* Assets.xcassets */,
				46BF30521BD10584003AA0AE /* AppDelegate.swift */,
			);
			name = "Supporting Files";
			sourceTree = "<group>";
		};
		4690A5F81BDCDD1600B18403 /* Profile Tab */ = {
			isa = PBXGroup;
			children = (
				1689D3071BE2A196003DAA4B /* ProfileTableViewController.swift */,
				1667DFEF1BE408B3007E01BC /* EditProfileTableViewController.swift */,
				1689D3051BE299AF003DAA4B /* ImageCropper.swift */,
				1689D3091BE2ADB2003DAA4B /* ProfilePictureTableViewCell.swift */,
				1689D30B1BE2ADD5003DAA4B /* UserNameAndAgeTableViewCell.swift */,
				1689D30D1BE2ADE4003DAA4B /* AboutTableViewCell.swift */,
				1689D30F1BE2ADF2003DAA4B /* UserInfoTableViewCell.swift */,
				1667DFF41BE6781A007E01BC /* ChooseHeightViewController.swift */,
				16A60D181BEBCBFA0075DFBA /* AgeRangeTableViewCell.swift */,
				16A60D161BEBC7F40075DFBA /* RangeSlider.swift */,
				466B35231BEF6D350058A8B9 /* ProfileLocationViewController.swift */,
				466B35251BEF723E0058A8B9 /* PhotoGalleryViewController.swift */,
				466B35261BEF723E0058A8B9 /* RAReorderableLayout.swift */,
			);
			name = "Profile Tab";
			sourceTree = "<group>";
		};
		4690A5F91BDCDD3700B18403 /* Event Tab */ = {
			isa = PBXGroup;
			children = (
				160B67ED1C01DC9B00D05B07 /* EventsTableViewController.swift */,
				160B67EF1C01DD2500D05B07 /* EventDetailsTableViewController.swift */,
				169BC41E1BF92DC4004A51A5 /* FeaturedEventsCell.swift */,
				4607B4471C01097B009F210B /* DenemeCollectionViewCell.swift */,
				169BC4201BF92E3F004A51A5 /* SortingCell.swift */,
				169BC4221BF92E4C004A51A5 /* EventCell.swift */,
				46073D241BDA68190039A908 /* MyCustomCell.swift */,
				46073D221BDA66170039A908 /* MyEventViewController.swift */,
				4692F4151BD8FB5D00B62564 /* CustomCell.swift */,
				16100F151BF7590500768784 /* Event.swift */,
			);
			name = "Event Tab";
			sourceTree = "<group>";
		};
		4690A5FA1BDCDD3F00B18403 /* Discover Tab */ = {
			isa = PBXGroup;
			children = (
				4690A5FD1BDD7E0F00B18403 /* CardView.swift */,
				4690A5FF1BDD7E5300B18403 /* SwipeView.swift */,
				4690A6031BDD807E00B18403 /* CardsViewController.swift */,
			);
			name = "Discover Tab";
			sourceTree = "<group>";
		};
		4690A5FB1BDCDD4700B18403 /* Matches Tab */ = {
			isa = PBXGroup;
			children = (
				46E58E0B1BDFA4D900FEA214 /* MacthesTableViewController.swift */,
				466B35191BEF63A60058A8B9 /* deleteEventMatchbyEventChoice.swift */,
				466B351B1BEF63AA0058A8B9 /* createEventMatchbyEventChoice.swift */,
				466B351D1BEF63B70058A8B9 /* createEventMatchbyUserMatch.swift */,
				46E58E0D1BDFA51700FEA214 /* MacthesCustomCell.swift */,
			);
			name = "Matches Tab";
			sourceTree = "<group>";
		};
		46BF30461BD10584003AA0AE = {
			isa = PBXGroup;
			children = (
				46BF30801BD105CD003AA0AE /* Podfile */,
				46BF30511BD10584003AA0AE /* Devent */,
				46BF30661BD10584003AA0AE /* DeventTests */,
				46BF30711BD10584003AA0AE /* DeventUITests */,
				46BF30501BD10584003AA0AE /* Products */,
				DBE9E464DD0CA046A5AF99D6 /* Pods */,
				C1FFEB1FFE98D9D4592A607A /* Frameworks */,
				46BF30821BD1065C003AA0AE /* Devent-Bridging-Header.h */,
			);
			sourceTree = "<group>";
		};
		46BF30501BD10584003AA0AE /* Products */ = {
			isa = PBXGroup;
			children = (
				46BF304F1BD10584003AA0AE /* Devent.app */,
				46BF30631BD10584003AA0AE /* DeventTests.xctest */,
				46BF306E1BD10584003AA0AE /* DeventUITests.xctest */,
			);
			name = Products;
			sourceTree = "<group>";
		};
		46BF30511BD10584003AA0AE /* Devent */ = {
			isa = PBXGroup;
			children = (
				46A2AA251C07071000282B0F /* ShowDetailDelegate.swift */,
				46B911D11C06049400A36009 /* Main.storyboard */,
				46B911CD1C01C48F00A36009 /* checkInternetConnection.swift */,
				466B35201BEF66ED0058A8B9 /* Payment */,
				466B351F1BEF646B0058A8B9 /* Messaging */,
				16A60D1A1BEDEFD00075DFBA /* Model */,
				4690A5FB1BDCDD4700B18403 /* Matches Tab */,
				4690A5FA1BDCDD3F00B18403 /* Discover Tab */,
				4690A5F91BDCDD3700B18403 /* Event Tab */,
				4690A5F51BDCDCD300B18403 /* Authentication */,
				4690A5F81BDCDD1600B18403 /* Profile Tab */,
				4690A5F61BDCDCE600B18403 /* Supporting Files */,
			);
			path = Devent;
			sourceTree = "<group>";
		};
		46BF30661BD10584003AA0AE /* DeventTests */ = {
			isa = PBXGroup;
			children = (
				46BF30671BD10584003AA0AE /* DeventTests.swift */,
				46BF30691BD10584003AA0AE /* Info.plist */,
			);
			path = DeventTests;
			sourceTree = "<group>";
		};
		46BF30711BD10584003AA0AE /* DeventUITests */ = {
			isa = PBXGroup;
			children = (
				46BF30721BD10584003AA0AE /* DeventUITests.swift */,
				46BF30741BD10584003AA0AE /* Info.plist */,
			);
			path = DeventUITests;
			sourceTree = "<group>";
		};
		C1FFEB1FFE98D9D4592A607A /* Frameworks */ = {
			isa = PBXGroup;
			children = (
				47C24C59A03D54D627E59199 /* libPods-Devent.a */,
			);
			name = Frameworks;
			sourceTree = "<group>";
		};
		DBE9E464DD0CA046A5AF99D6 /* Pods */ = {
			isa = PBXGroup;
			children = (
				BF9C72336C5BB7EF94115B23 /* Pods-Devent.debug.xcconfig */,
				28101BB0201438D8E80B03C9 /* Pods-Devent.release.xcconfig */,
			);
			name = Pods;
			sourceTree = "<group>";
		};
/* End PBXGroup section */

/* Begin PBXNativeTarget section */
		46BF304E1BD10584003AA0AE /* Devent */ = {
			isa = PBXNativeTarget;
			buildConfigurationList = 46BF30771BD10584003AA0AE /* Build configuration list for PBXNativeTarget "Devent" */;
			buildPhases = (
				0EFF0FFA5DCB7B3EAA15E746 /* Check Pods Manifest.lock */,
				46BF304B1BD10584003AA0AE /* Sources */,
				46BF304C1BD10584003AA0AE /* Frameworks */,
				46BF304D1BD10584003AA0AE /* Resources */,
				7DC981A382E54F852078B449 /* Embed Pods Frameworks */,
				94F4FE646CA83253D34235CF /* Copy Pods Resources */,
			);
			buildRules = (
			);
			dependencies = (
			);
			name = Devent;
			productName = Devent;
			productReference = 46BF304F1BD10584003AA0AE /* Devent.app */;
			productType = "com.apple.product-type.application";
		};
		46BF30621BD10584003AA0AE /* DeventTests */ = {
			isa = PBXNativeTarget;
			buildConfigurationList = 46BF307A1BD10584003AA0AE /* Build configuration list for PBXNativeTarget "DeventTests" */;
			buildPhases = (
				46BF305F1BD10584003AA0AE /* Sources */,
				46BF30601BD10584003AA0AE /* Frameworks */,
				46BF30611BD10584003AA0AE /* Resources */,
			);
			buildRules = (
			);
			dependencies = (
				46BF30651BD10584003AA0AE /* PBXTargetDependency */,
			);
			name = DeventTests;
			productName = DeventTests;
			productReference = 46BF30631BD10584003AA0AE /* DeventTests.xctest */;
			productType = "com.apple.product-type.bundle.unit-test";
		};
		46BF306D1BD10584003AA0AE /* DeventUITests */ = {
			isa = PBXNativeTarget;
			buildConfigurationList = 46BF307D1BD10584003AA0AE /* Build configuration list for PBXNativeTarget "DeventUITests" */;
			buildPhases = (
				46BF306A1BD10584003AA0AE /* Sources */,
				46BF306B1BD10584003AA0AE /* Frameworks */,
				46BF306C1BD10584003AA0AE /* Resources */,
			);
			buildRules = (
			);
			dependencies = (
				46BF30701BD10584003AA0AE /* PBXTargetDependency */,
			);
			name = DeventUITests;
			productName = DeventUITests;
			productReference = 46BF306E1BD10584003AA0AE /* DeventUITests.xctest */;
			productType = "com.apple.product-type.bundle.ui-testing";
		};
/* End PBXNativeTarget section */

/* Begin PBXProject section */
		46BF30471BD10584003AA0AE /* Project object */ = {
			isa = PBXProject;
			attributes = {
				LastSwiftUpdateCheck = 0700;
				LastUpgradeCheck = 0700;
				ORGANIZATIONNAME = ES;
				TargetAttributes = {
					46BF304E1BD10584003AA0AE = {
						CreatedOnToolsVersion = 7.0.1;
					};
					46BF30621BD10584003AA0AE = {
						CreatedOnToolsVersion = 7.0.1;
						TestTargetID = 46BF304E1BD10584003AA0AE;
					};
					46BF306D1BD10584003AA0AE = {
						CreatedOnToolsVersion = 7.0.1;
						TestTargetID = 46BF304E1BD10584003AA0AE;
					};
				};
			};
			buildConfigurationList = 46BF304A1BD10584003AA0AE /* Build configuration list for PBXProject "Devent" */;
			compatibilityVersion = "Xcode 3.2";
			developmentRegion = English;
			hasScannedForEncodings = 0;
			knownRegions = (
				en,
				Base,
			);
			mainGroup = 46BF30461BD10584003AA0AE;
			productRefGroup = 46BF30501BD10584003AA0AE /* Products */;
			projectDirPath = "";
			projectRoot = "";
			targets = (
				46BF304E1BD10584003AA0AE /* Devent */,
				46BF30621BD10584003AA0AE /* DeventTests */,
				46BF306D1BD10584003AA0AE /* DeventUITests */,
			);
		};
/* End PBXProject section */

/* Begin PBXResourcesBuildPhase section */
		46BF304D1BD10584003AA0AE /* Resources */ = {
			isa = PBXResourcesBuildPhase;
			buildActionMask = 2147483647;
			files = (
				46BF305D1BD10584003AA0AE /* LaunchScreen.storyboard in Resources */,
				46BF305A1BD10584003AA0AE /* Assets.xcassets in Resources */,
				46BF30811BD105CD003AA0AE /* Podfile in Resources */,
				46B911D21C06049400A36009 /* Main.storyboard in Resources */,
			);
			runOnlyForDeploymentPostprocessing = 0;
		};
		46BF30611BD10584003AA0AE /* Resources */ = {
			isa = PBXResourcesBuildPhase;
			buildActionMask = 2147483647;
			files = (
			);
			runOnlyForDeploymentPostprocessing = 0;
		};
		46BF306C1BD10584003AA0AE /* Resources */ = {
			isa = PBXResourcesBuildPhase;
			buildActionMask = 2147483647;
			files = (
			);
			runOnlyForDeploymentPostprocessing = 0;
		};
/* End PBXResourcesBuildPhase section */

/* Begin PBXShellScriptBuildPhase section */
		0EFF0FFA5DCB7B3EAA15E746 /* Check Pods Manifest.lock */ = {
			isa = PBXShellScriptBuildPhase;
			buildActionMask = 2147483647;
			files = (
			);
			inputPaths = (
			);
			name = "Check Pods Manifest.lock";
			outputPaths = (
			);
			runOnlyForDeploymentPostprocessing = 0;
			shellPath = /bin/sh;
			shellScript = "diff \"${PODS_ROOT}/../Podfile.lock\" \"${PODS_ROOT}/Manifest.lock\" > /dev/null\nif [[ $? != 0 ]] ; then\n    cat << EOM\nerror: The sandbox is not in sync with the Podfile.lock. Run 'pod install' or update your CocoaPods installation.\nEOM\n    exit 1\nfi\n";
			showEnvVarsInLog = 0;
		};
		7DC981A382E54F852078B449 /* Embed Pods Frameworks */ = {
			isa = PBXShellScriptBuildPhase;
			buildActionMask = 2147483647;
			files = (
			);
			inputPaths = (
			);
			name = "Embed Pods Frameworks";
			outputPaths = (
			);
			runOnlyForDeploymentPostprocessing = 0;
			shellPath = /bin/sh;
			shellScript = "\"${SRCROOT}/Pods/Target Support Files/Pods-Devent/Pods-Devent-frameworks.sh\"\n";
			showEnvVarsInLog = 0;
		};
		94F4FE646CA83253D34235CF /* Copy Pods Resources */ = {
			isa = PBXShellScriptBuildPhase;
			buildActionMask = 2147483647;
			files = (
			);
			inputPaths = (
			);
			name = "Copy Pods Resources";
			outputPaths = (
			);
			runOnlyForDeploymentPostprocessing = 0;
			shellPath = /bin/sh;
			shellScript = "\"${SRCROOT}/Pods/Target Support Files/Pods-Devent/Pods-Devent-resources.sh\"\n";
			showEnvVarsInLog = 0;
		};
/* End PBXShellScriptBuildPhase section */

/* Begin PBXSourcesBuildPhase section */
		46BF304B1BD10584003AA0AE /* Sources */ = {
			isa = PBXSourcesBuildPhase;
			buildActionMask = 2147483647;
			files = (
				466B35281BEF723E0058A8B9 /* RAReorderableLayout.swift in Sources */,
				466B351E1BEF63B70058A8B9 /* createEventMatchbyUserMatch.swift in Sources */,
				46073D251BDA68190039A908 /* MyCustomCell.swift in Sources */,
				4692F4041BD6479E00B62564 /* LoginViewController.swift in Sources */,
				1689D30A1BE2ADB2003DAA4B /* ProfilePictureTableViewCell.swift in Sources */,
				4690A6001BDD7E5300B18403 /* SwipeView.swift in Sources */,
				1689D30E1BE2ADE4003DAA4B /* AboutTableViewCell.swift in Sources */,
				1689D3061BE299AF003DAA4B /* ImageCropper.swift in Sources */,
				160B67EE1C01DC9B00D05B07 /* EventsTableViewController.swift in Sources */,
				1667DFF51BE6781A007E01BC /* ChooseHeightViewController.swift in Sources */,
				16C8A26B1BE3DC1D0035EEF8 /* Constants.swift in Sources */,
				1689D3101BE2ADF2003DAA4B /* UserInfoTableViewCell.swift in Sources */,
				466B351A1BEF63A60058A8B9 /* deleteEventMatchbyEventChoice.swift in Sources */,
				16A60D1C1BEDEFEA0075DFBA /* CurrentUser.swift in Sources */,
				46BF30551BD10584003AA0AE /* ViewController.swift in Sources */,
				16A60D171BEBC7F40075DFBA /* RangeSlider.swift in Sources */,
				466B35241BEF6D350058A8B9 /* ProfileLocationViewController.swift in Sources */,
				1667DFF01BE408B3007E01BC /* EditProfileTableViewController.swift in Sources */,
				4690A5FE1BDD7E0F00B18403 /* CardView.swift in Sources */,
				466B351C1BEF63AA0058A8B9 /* createEventMatchbyEventChoice.swift in Sources */,
				4692F4061BD6521000B62564 /* SignUpViewController.swift in Sources */,
				46EF16511BE189B5003E7F09 /* Camera.swift in Sources */,
				466B35221BEF66F40058A8B9 /* PaymentPageViewController.swift in Sources */,
				169BC41F1BF92DC4004A51A5 /* FeaturedEventsCell.swift in Sources */,
				16A60D191BEBCBFA0075DFBA /* AgeRangeTableViewCell.swift in Sources */,
				4690A6041BDD807E00B18403 /* CardsViewController.swift in Sources */,
				466B35271BEF723E0058A8B9 /* PhotoGalleryViewController.swift in Sources */,
				4690A6021BDD7E9900B18403 /* User.swift in Sources */,
				46A2AA261C07071000282B0F /* ShowDetailDelegate.swift in Sources */,
				169BC4211BF92E3F004A51A5 /* SortingCell.swift in Sources */,
				160B67F01C01DD2500D05B07 /* EventDetailsTableViewController.swift in Sources */,
				46E58E0E1BDFA51700FEA214 /* MacthesCustomCell.swift in Sources */,
				16100F161BF7590500768784 /* Event.swift in Sources */,
				169BC4231BF92E4C004A51A5 /* EventCell.swift in Sources */,
				46073D231BDA66170039A908 /* MyEventViewController.swift in Sources */,
				46EF164F1BE1247C003E7F09 /* MessageViewController.swift in Sources */,
				4607B4481C01097B009F210B /* DenemeCollectionViewCell.swift in Sources */,
				4692F4161BD8FB5D00B62564 /* CustomCell.swift in Sources */,
				46E58E0C1BDFA4D900FEA214 /* MacthesTableViewController.swift in Sources */,
				1689D30C1BE2ADD5003DAA4B /* UserNameAndAgeTableViewCell.swift in Sources */,
				1689D3081BE2A196003DAA4B /* ProfileTableViewController.swift in Sources */,
				46BF30531BD10584003AA0AE /* AppDelegate.swift in Sources */,
				46B911CE1C01C48F00A36009 /* checkInternetConnection.swift in Sources */,
			);
			runOnlyForDeploymentPostprocessing = 0;
		};
		46BF305F1BD10584003AA0AE /* Sources */ = {
			isa = PBXSourcesBuildPhase;
			buildActionMask = 2147483647;
			files = (
				46BF30681BD10584003AA0AE /* DeventTests.swift in Sources */,
			);
			runOnlyForDeploymentPostprocessing = 0;
		};
		46BF306A1BD10584003AA0AE /* Sources */ = {
			isa = PBXSourcesBuildPhase;
			buildActionMask = 2147483647;
			files = (
				46BF30731BD10584003AA0AE /* DeventUITests.swift in Sources */,
			);
			runOnlyForDeploymentPostprocessing = 0;
		};
/* End PBXSourcesBuildPhase section */

/* Begin PBXTargetDependency section */
		46BF30651BD10584003AA0AE /* PBXTargetDependency */ = {
			isa = PBXTargetDependency;
			target = 46BF304E1BD10584003AA0AE /* Devent */;
			targetProxy = 46BF30641BD10584003AA0AE /* PBXContainerItemProxy */;
		};
		46BF30701BD10584003AA0AE /* PBXTargetDependency */ = {
			isa = PBXTargetDependency;
			target = 46BF304E1BD10584003AA0AE /* Devent */;
			targetProxy = 46BF306F1BD10584003AA0AE /* PBXContainerItemProxy */;
		};
/* End PBXTargetDependency section */

/* Begin PBXVariantGroup section */
		46BF305B1BD10584003AA0AE /* LaunchScreen.storyboard */ = {
			isa = PBXVariantGroup;
			children = (
				46BF305C1BD10584003AA0AE /* Base */,
			);
			name = LaunchScreen.storyboard;
			sourceTree = "<group>";
		};
/* End PBXVariantGroup section */

/* Begin XCBuildConfiguration section */
		46BF30751BD10584003AA0AE /* Debug */ = {
			isa = XCBuildConfiguration;
			buildSettings = {
				ALWAYS_SEARCH_USER_PATHS = NO;
				CLANG_CXX_LANGUAGE_STANDARD = "gnu++0x";
				CLANG_CXX_LIBRARY = "libc++";
				CLANG_ENABLE_MODULES = YES;
				CLANG_ENABLE_OBJC_ARC = YES;
				CLANG_WARN_BOOL_CONVERSION = YES;
				CLANG_WARN_CONSTANT_CONVERSION = YES;
				CLANG_WARN_DIRECT_OBJC_ISA_USAGE = YES_ERROR;
				CLANG_WARN_EMPTY_BODY = YES;
				CLANG_WARN_ENUM_CONVERSION = YES;
				CLANG_WARN_INT_CONVERSION = YES;
				CLANG_WARN_OBJC_ROOT_CLASS = YES_ERROR;
				CLANG_WARN_UNREACHABLE_CODE = YES;
				CLANG_WARN__DUPLICATE_METHOD_MATCH = YES;
				"CODE_SIGN_IDENTITY[sdk=iphoneos*]" = "iPhone Developer";
				COPY_PHASE_STRIP = NO;
				DEBUG_INFORMATION_FORMAT = dwarf;
				ENABLE_STRICT_OBJC_MSGSEND = YES;
				ENABLE_TESTABILITY = YES;
				GCC_C_LANGUAGE_STANDARD = gnu99;
				GCC_DYNAMIC_NO_PIC = NO;
				GCC_NO_COMMON_BLOCKS = YES;
				GCC_OPTIMIZATION_LEVEL = 0;
				GCC_PREPROCESSOR_DEFINITIONS = (
					"DEBUG=1",
					"$(inherited)",
				);
				GCC_WARN_64_TO_32_BIT_CONVERSION = YES;
				GCC_WARN_ABOUT_RETURN_TYPE = YES_ERROR;
				GCC_WARN_UNDECLARED_SELECTOR = YES;
				GCC_WARN_UNINITIALIZED_AUTOS = YES_AGGRESSIVE;
				GCC_WARN_UNUSED_FUNCTION = YES;
				GCC_WARN_UNUSED_VARIABLE = YES;
				IPHONEOS_DEPLOYMENT_TARGET = 9.0;
				MTL_ENABLE_DEBUG_INFO = YES;
				ONLY_ACTIVE_ARCH = YES;
				SDKROOT = iphoneos;
				SWIFT_OPTIMIZATION_LEVEL = "-Onone";
				TARGETED_DEVICE_FAMILY = "1,2";
			};
			name = Debug;
		};
		46BF30761BD10584003AA0AE /* Release */ = {
			isa = XCBuildConfiguration;
			buildSettings = {
				ALWAYS_SEARCH_USER_PATHS = NO;
				CLANG_CXX_LANGUAGE_STANDARD = "gnu++0x";
				CLANG_CXX_LIBRARY = "libc++";
				CLANG_ENABLE_MODULES = YES;
				CLANG_ENABLE_OBJC_ARC = YES;
				CLANG_WARN_BOOL_CONVERSION = YES;
				CLANG_WARN_CONSTANT_CONVERSION = YES;
				CLANG_WARN_DIRECT_OBJC_ISA_USAGE = YES_ERROR;
				CLANG_WARN_EMPTY_BODY = YES;
				CLANG_WARN_ENUM_CONVERSION = YES;
				CLANG_WARN_INT_CONVERSION = YES;
				CLANG_WARN_OBJC_ROOT_CLASS = YES_ERROR;
				CLANG_WARN_UNREACHABLE_CODE = YES;
				CLANG_WARN__DUPLICATE_METHOD_MATCH = YES;
				"CODE_SIGN_IDENTITY[sdk=iphoneos*]" = "iPhone Developer";
				COPY_PHASE_STRIP = NO;
				DEBUG_INFORMATION_FORMAT = "dwarf-with-dsym";
				ENABLE_NS_ASSERTIONS = NO;
				ENABLE_STRICT_OBJC_MSGSEND = YES;
				GCC_C_LANGUAGE_STANDARD = gnu99;
				GCC_NO_COMMON_BLOCKS = YES;
				GCC_WARN_64_TO_32_BIT_CONVERSION = YES;
				GCC_WARN_ABOUT_RETURN_TYPE = YES_ERROR;
				GCC_WARN_UNDECLARED_SELECTOR = YES;
				GCC_WARN_UNINITIALIZED_AUTOS = YES_AGGRESSIVE;
				GCC_WARN_UNUSED_FUNCTION = YES;
				GCC_WARN_UNUSED_VARIABLE = YES;
				IPHONEOS_DEPLOYMENT_TARGET = 9.0;
				MTL_ENABLE_DEBUG_INFO = NO;
				SDKROOT = iphoneos;
				TARGETED_DEVICE_FAMILY = "1,2";
				VALIDATE_PRODUCT = YES;
			};
			name = Release;
		};
		46BF30781BD10584003AA0AE /* Debug */ = {
			isa = XCBuildConfiguration;
			baseConfigurationReference = BF9C72336C5BB7EF94115B23 /* Pods-Devent.debug.xcconfig */;
			buildSettings = {
				ASSETCATALOG_COMPILER_APPICON_NAME = AppIcon;
				CLANG_ENABLE_MODULES = YES;
				INFOPLIST_FILE = Devent/Info.plist;
				LD_RUNPATH_SEARCH_PATHS = "$(inherited) @executable_path/Frameworks";
				PRODUCT_BUNDLE_IDENTIFIER = ES.Devent;
				PRODUCT_NAME = "$(TARGET_NAME)";
				SWIFT_OBJC_BRIDGING_HEADER = "Devent-Bridging-Header.h";
				SWIFT_OPTIMIZATION_LEVEL = "-Onone";
			};
			name = Debug;
		};
		46BF30791BD10584003AA0AE /* Release */ = {
			isa = XCBuildConfiguration;
			baseConfigurationReference = 28101BB0201438D8E80B03C9 /* Pods-Devent.release.xcconfig */;
			buildSettings = {
				ASSETCATALOG_COMPILER_APPICON_NAME = AppIcon;
				CLANG_ENABLE_MODULES = YES;
				INFOPLIST_FILE = Devent/Info.plist;
				LD_RUNPATH_SEARCH_PATHS = "$(inherited) @executable_path/Frameworks";
				PRODUCT_BUNDLE_IDENTIFIER = ES.Devent;
				PRODUCT_NAME = "$(TARGET_NAME)";
				SWIFT_OBJC_BRIDGING_HEADER = "Devent-Bridging-Header.h";
			};
			name = Release;
		};
		46BF307B1BD10584003AA0AE /* Debug */ = {
			isa = XCBuildConfiguration;
			buildSettings = {
				BUNDLE_LOADER = "$(TEST_HOST)";
				INFOPLIST_FILE = DeventTests/Info.plist;
				LD_RUNPATH_SEARCH_PATHS = "$(inherited) @executable_path/Frameworks @loader_path/Frameworks";
				PRODUCT_BUNDLE_IDENTIFIER = ES.DeventTests;
				PRODUCT_NAME = "$(TARGET_NAME)";
				TEST_HOST = "$(BUILT_PRODUCTS_DIR)/Devent.app/Devent";
			};
			name = Debug;
		};
		46BF307C1BD10584003AA0AE /* Release */ = {
			isa = XCBuildConfiguration;
			buildSettings = {
				BUNDLE_LOADER = "$(TEST_HOST)";
				INFOPLIST_FILE = DeventTests/Info.plist;
				LD_RUNPATH_SEARCH_PATHS = "$(inherited) @executable_path/Frameworks @loader_path/Frameworks";
				PRODUCT_BUNDLE_IDENTIFIER = ES.DeventTests;
				PRODUCT_NAME = "$(TARGET_NAME)";
				TEST_HOST = "$(BUILT_PRODUCTS_DIR)/Devent.app/Devent";
			};
			name = Release;
		};
		46BF307E1BD10584003AA0AE /* Debug */ = {
			isa = XCBuildConfiguration;
			buildSettings = {
				INFOPLIST_FILE = DeventUITests/Info.plist;
				LD_RUNPATH_SEARCH_PATHS = "$(inherited) @executable_path/Frameworks @loader_path/Frameworks";
				PRODUCT_BUNDLE_IDENTIFIER = ES.DeventUITests;
				PRODUCT_NAME = "$(TARGET_NAME)";
				TEST_TARGET_NAME = Devent;
				USES_XCTRUNNER = YES;
			};
			name = Debug;
		};
		46BF307F1BD10584003AA0AE /* Release */ = {
			isa = XCBuildConfiguration;
			buildSettings = {
				INFOPLIST_FILE = DeventUITests/Info.plist;
				LD_RUNPATH_SEARCH_PATHS = "$(inherited) @executable_path/Frameworks @loader_path/Frameworks";
				PRODUCT_BUNDLE_IDENTIFIER = ES.DeventUITests;
				PRODUCT_NAME = "$(TARGET_NAME)";
				TEST_TARGET_NAME = Devent;
				USES_XCTRUNNER = YES;
			};
			name = Release;
		};
/* End XCBuildConfiguration section */

/* Begin XCConfigurationList section */
		46BF304A1BD10584003AA0AE /* Build configuration list for PBXProject "Devent" */ = {
			isa = XCConfigurationList;
			buildConfigurations = (
				46BF30751BD10584003AA0AE /* Debug */,
				46BF30761BD10584003AA0AE /* Release */,
			);
			defaultConfigurationIsVisible = 0;
			defaultConfigurationName = Release;
		};
		46BF30771BD10584003AA0AE /* Build configuration list for PBXNativeTarget "Devent" */ = {
			isa = XCConfigurationList;
			buildConfigurations = (
				46BF30781BD10584003AA0AE /* Debug */,
				46BF30791BD10584003AA0AE /* Release */,
			);
			defaultConfigurationIsVisible = 0;
			defaultConfigurationName = Release;
		};
		46BF307A1BD10584003AA0AE /* Build configuration list for PBXNativeTarget "DeventTests" */ = {
			isa = XCConfigurationList;
			buildConfigurations = (
				46BF307B1BD10584003AA0AE /* Debug */,
				46BF307C1BD10584003AA0AE /* Release */,
			);
			defaultConfigurationIsVisible = 0;
			defaultConfigurationName = Release;
		};
		46BF307D1BD10584003AA0AE /* Build configuration list for PBXNativeTarget "DeventUITests" */ = {
			isa = XCConfigurationList;
			buildConfigurations = (
				46BF307E1BD10584003AA0AE /* Debug */,
				46BF307F1BD10584003AA0AE /* Release */,
			);
			defaultConfigurationIsVisible = 0;
			defaultConfigurationName = Release;
		};
/* End XCConfigurationList section */
	};
	rootObject = 46BF30471BD10584003AA0AE /* Project object */;
}
